
Microsoft Visual Studio Solution File, Format Version 12.00
# Visual Studio Version 17
VisualStudioVersion = 17.10.34916.146
MinimumVisualStudioVersion = 10.0.40219.1
Project("{FAE04EC0-301F-11D3-BF4B-00C04F79EFBC}") = "LayoutSample", "LayoutSample\LayoutSample.csproj", "{545E0B68-EE48-4D63-9127-48DE354EB36C}"
EndProject
Global
	GlobalSection(SolutionConfigurationPlatforms) = preSolution
		Debug|Any CPU = Debug|Any CPU
		Release|Any CPU = Release|Any CPU
	EndGlobalSection
	GlobalSection(ProjectConfigurationPlatforms) = postSolution
		{545E0B68-EE48-4D63-9127-48DE354EB36C}.Debug|Any CPU.ActiveCfg = Debug|Any CPU
		{545E0B68-EE48-4D63-9127-48DE354EB36C}.Debug|Any CPU.Build.0 = Debug|Any CPU
		{545E0B68-EE48-4D63-9127-48DE354EB36C}.Release|Any CPU.ActiveCfg = Release|Any CPU
		{545E0B68-EE48-4D63-9127-48DE354EB36C}.Release|Any CPU.Build.0 = Release|Any CPU
	EndGlobalSection
	GlobalSection(SolutionProperties) = preSolution
		HideSolutionNode = FALSE
	EndGlobalSection
	GlobalSection(ExtensibilityGlobals) = postSolution
		SolutionGuid = {06B0FECD-A3B3-45CD-AD0D-301E32824706}
	EndGlobalSection
EndGlobal
